
Microsoft Visual Studio Solution File, Format Version 12.00
# Visual Studio 15
VisualStudioVersion = 15.0.27004.2002
MinimumVisualStudioVersion = 10.0.40219.1
Project("{9A19103F-16F7-4668-BE54-9A1E7A4F7556}") = "DotNetHowToIndexers", "DotNetHowToIndexers.csproj", "{BF3D2EEE-21FF-41B9-8693-378112D91849}"
EndProject
Global
	GlobalSection(SolutionConfigurationPlatforms) = preSolution
		Debug|Any CPU = Debug|Any CPU
		Release|Any CPU = Release|Any CPU
	EndGlobalSection
	GlobalSection(ProjectConfigurationPlatforms) = postSolution
		{BF3D2EEE-21FF-41B9-8693-378112D91849}.Debug|Any CPU.ActiveCfg = Debug|Any CPU
		{BF3D2EEE-21FF-41B9-8693-378112D91849}.Debug|Any CPU.Build.0 = Debug|Any CPU
		{BF3D2EEE-21FF-41B9-8693-378112D91849}.Release|Any CPU.ActiveCfg = Release|Any CPU
		{BF3D2EEE-21FF-41B9-8693-378112D91849}.Release|Any CPU.Build.0 = Release|Any CPU
	EndGlobalSection
	GlobalSection(SolutionProperties) = preSolution
		HideSolutionNode = FALSE
	EndGlobalSection
	GlobalSection(ExtensibilityGlobals) = postSolution
		SolutionGuid = {E143772B-7C24-4039-8BAB-F30E4A628D8F}
	EndGlobalSection
EndGlobal
