
Microsoft Visual Studio Solution File, Format Version 12.00
# Visual Studio Version 16
VisualStudioVersion = 16.0.30523.141
MinimumVisualStudioVersion = 10.0.40219.1
Project("{FAE04EC0-301F-11D3-BF4B-00C04F79EFBC}") = "DotNetHowToSecurityTrimming", "DotNetHowToSecurityTrimming\DotNetHowToSecurityTrimming.csproj", "{688EC96D-6955-467B-A11E-E6D868D362D0}"
EndProject
Global
	GlobalSection(SolutionConfigurationPlatforms) = preSolution
		Debug|Any CPU = Debug|Any CPU
		Release|Any CPU = Release|Any CPU
	EndGlobalSection
	GlobalSection(ProjectConfigurationPlatforms) = postSolution
		{688EC96D-6955-467B-A11E-E6D868D362D0}.Debug|Any CPU.ActiveCfg = Debug|Any CPU
		{688EC96D-6955-467B-A11E-E6D868D362D0}.Debug|Any CPU.Build.0 = Debug|Any CPU
		{688EC96D-6955-467B-A11E-E6D868D362D0}.Release|Any CPU.ActiveCfg = Release|Any CPU
		{688EC96D-6955-467B-A11E-E6D868D362D0}.Release|Any CPU.Build.0 = Release|Any CPU
	EndGlobalSection
	GlobalSection(SolutionProperties) = preSolution
		HideSolutionNode = FALSE
	EndGlobalSection
	GlobalSection(ExtensibilityGlobals) = postSolution
		SolutionGuid = {877DDE5D-8E2B-42FA-A2F8-AAA183214A28}
	EndGlobalSection
EndGlobal
