
Microsoft Visual Studio Solution File, Format Version 12.00
# Visual Studio 15
VisualStudioVersion = 15.0.27428.2037
MinimumVisualStudioVersion = 10.0.40219.1
Project("{FAE04EC0-301F-11D3-BF4B-00C04F79EFBC}") = "DotNetHowToAutoComplete", "DotNetHowToAutoComplete\DotNetHowToAutoComplete.csproj", "{B3022444-E074-4A90-A7E2-537560760FDE}"
EndProject
Global
	GlobalSection(SolutionConfigurationPlatforms) = preSolution
		Debug|Any CPU = Debug|Any CPU
		Release|Any CPU = Release|Any CPU
	EndGlobalSection
	GlobalSection(ProjectConfigurationPlatforms) = postSolution
		{B3022444-E074-4A90-A7E2-537560760FDE}.Debug|Any CPU.ActiveCfg = Debug|Any CPU
		{B3022444-E074-4A90-A7E2-537560760FDE}.Debug|Any CPU.Build.0 = Debug|Any CPU
		{B3022444-E074-4A90-A7E2-537560760FDE}.Release|Any CPU.ActiveCfg = Release|Any CPU
		{B3022444-E074-4A90-A7E2-537560760FDE}.Release|Any CPU.Build.0 = Release|Any CPU
	EndGlobalSection
	GlobalSection(SolutionProperties) = preSolution
		HideSolutionNode = FALSE
	EndGlobalSection
	GlobalSection(ExtensibilityGlobals) = postSolution
		SolutionGuid = {16D87E91-2806-4895-98E0-6F20A6FF8CFC}
	EndGlobalSection
EndGlobal
